
Microsoft Visual Studio Solution File, Format Version 12.00
# Visual Studio Version 17
VisualStudioVersion = 17.7.34031.279
MinimumVisualStudioVersion = 10.0.40219.1
Project("{2150E333-8FDC-42A3-9474-1A3956D46DE8}") = "Core", "Core", "{826C75A7-EA5A-43DC-9BA0-44EB8E337BA2}"
EndProject
Project("{2150E333-8FDC-42A3-9474-1A3956D46DE8}") = "Project", "Project", "{55006B51-AA46-4B7D-AC76-6E8A5B70019E}"
EndProject
Project("{9A19103F-16F7-4668-BE54-9A1E7A4F7556}") = "Core.Application", "Core\Core.Application\Core.Application.csproj", "{DFD5B726-A7F2-4013-81C0-BAAB81BD1134}"
EndProject
Project("{9A19103F-16F7-4668-BE54-9A1E7A4F7556}") = "Core.Persistence", "Core\Core.Persistence\Core.Persistence.csproj", "{8451CB26-3285-424E-ACB9-4A377FCBDCA9}"
EndProject
Project("{9A19103F-16F7-4668-BE54-9A1E7A4F7556}") = "Core.Security", "Core\Core.Security\Core.Security.csproj", "{A29247F3-BA41-4C8A-959D-5EEE0F06D57F}"
EndProject
Project("{9A19103F-16F7-4668-BE54-9A1E7A4F7556}") = "Core.CrossCuttingConcerns", "Core\Core.CrossCuttingConcerns\Core.CrossCuttingConcerns.csproj", "{79F6E509-0063-4E9B-A02F-4B041A6ED419}"
EndProject
Project("{9A19103F-16F7-4668-BE54-9A1E7A4F7556}") = "Core.Mailing", "Core\Core.Mailing\Core.Mailing.csproj", "{232DC172-E11E-4136-B31D-5320E028398F}"
EndProject
Project("{9A19103F-16F7-4668-BE54-9A1E7A4F7556}") = "Core.ElasticSearch", "Core\Core.ElasticSearch\Core.ElasticSearch.csproj", "{A414A509-EE69-4F21-A0EA-8A1D06A1A328}"
EndProject
Project("{FAE04EC0-301F-11D3-BF4B-00C04F79EFBC}") = "Project.Application", "Project\Project.Application\Project.Application.csproj", "{5851F976-977F-4F24-A863-5CDCEAA77AF3}"
EndProject
Project("{FAE04EC0-301F-11D3-BF4B-00C04F79EFBC}") = "Project.Domain", "Project\Project.Domain\Project.Domain.csproj", "{6232CC7D-CBE6-4A37-816A-3B8C8E34AE2C}"
EndProject
Project("{FAE04EC0-301F-11D3-BF4B-00C04F79EFBC}") = "Project.Infrastructure", "Project\Project.Infrastructure\Project.Infrastructure.csproj", "{A28F7411-F556-481A-BF16-144414394E60}"
EndProject
Project("{FAE04EC0-301F-11D3-BF4B-00C04F79EFBC}") = "Project.Persistence", "Project\Project.Persistence\Project.Persistence.csproj", "{159D2FF7-9336-405E-8616-82C504AE69D7}"
EndProject
Project("{FAE04EC0-301F-11D3-BF4B-00C04F79EFBC}") = "WebAPI", "WebAPI\WebAPI.csproj", "{4110A377-2DFF-4365-9130-4CDE0AB5F1B6}"
EndProject
Global
	GlobalSection(SolutionConfigurationPlatforms) = preSolution
		Debug|Any CPU = Debug|Any CPU
		Release|Any CPU = Release|Any CPU
	EndGlobalSection
	GlobalSection(ProjectConfigurationPlatforms) = postSolution
		{DFD5B726-A7F2-4013-81C0-BAAB81BD1134}.Debug|Any CPU.ActiveCfg = Debug|Any CPU
		{DFD5B726-A7F2-4013-81C0-BAAB81BD1134}.Debug|Any CPU.Build.0 = Debug|Any CPU
		{DFD5B726-A7F2-4013-81C0-BAAB81BD1134}.Release|Any CPU.ActiveCfg = Release|Any CPU
		{DFD5B726-A7F2-4013-81C0-BAAB81BD1134}.Release|Any CPU.Build.0 = Release|Any CPU
		{8451CB26-3285-424E-ACB9-4A377FCBDCA9}.Debug|Any CPU.ActiveCfg = Debug|Any CPU
		{8451CB26-3285-424E-ACB9-4A377FCBDCA9}.Debug|Any CPU.Build.0 = Debug|Any CPU
		{8451CB26-3285-424E-ACB9-4A377FCBDCA9}.Release|Any CPU.ActiveCfg = Release|Any CPU
		{8451CB26-3285-424E-ACB9-4A377FCBDCA9}.Release|Any CPU.Build.0 = Release|Any CPU
		{A29247F3-BA41-4C8A-959D-5EEE0F06D57F}.Debug|Any CPU.ActiveCfg = Debug|Any CPU
		{A29247F3-BA41-4C8A-959D-5EEE0F06D57F}.Debug|Any CPU.Build.0 = Debug|Any CPU
		{A29247F3-BA41-4C8A-959D-5EEE0F06D57F}.Release|Any CPU.ActiveCfg = Release|Any CPU
		{A29247F3-BA41-4C8A-959D-5EEE0F06D57F}.Release|Any CPU.Build.0 = Release|Any CPU
		{79F6E509-0063-4E9B-A02F-4B041A6ED419}.Debug|Any CPU.ActiveCfg = Debug|Any CPU
		{79F6E509-0063-4E9B-A02F-4B041A6ED419}.Debug|Any CPU.Build.0 = Debug|Any CPU
		{79F6E509-0063-4E9B-A02F-4B041A6ED419}.Release|Any CPU.ActiveCfg = Release|Any CPU
		{79F6E509-0063-4E9B-A02F-4B041A6ED419}.Release|Any CPU.Build.0 = Release|Any CPU
		{232DC172-E11E-4136-B31D-5320E028398F}.Debug|Any CPU.ActiveCfg = Debug|Any CPU
		{232DC172-E11E-4136-B31D-5320E028398F}.Debug|Any CPU.Build.0 = Debug|Any CPU
		{232DC172-E11E-4136-B31D-5320E028398F}.Release|Any CPU.ActiveCfg = Release|Any CPU
		{232DC172-E11E-4136-B31D-5320E028398F}.Release|Any CPU.Build.0 = Release|Any CPU
		{A414A509-EE69-4F21-A0EA-8A1D06A1A328}.Debug|Any CPU.ActiveCfg = Debug|Any CPU
		{A414A509-EE69-4F21-A0EA-8A1D06A1A328}.Debug|Any CPU.Build.0 = Debug|Any CPU
		{A414A509-EE69-4F21-A0EA-8A1D06A1A328}.Release|Any CPU.ActiveCfg = Release|Any CPU
		{A414A509-EE69-4F21-A0EA-8A1D06A1A328}.Release|Any CPU.Build.0 = Release|Any CPU
		{5851F976-977F-4F24-A863-5CDCEAA77AF3}.Debug|Any CPU.ActiveCfg = Debug|Any CPU
		{5851F976-977F-4F24-A863-5CDCEAA77AF3}.Debug|Any CPU.Build.0 = Debug|Any CPU
		{5851F976-977F-4F24-A863-5CDCEAA77AF3}.Release|Any CPU.ActiveCfg = Release|Any CPU
		{5851F976-977F-4F24-A863-5CDCEAA77AF3}.Release|Any CPU.Build.0 = Release|Any CPU
		{6232CC7D-CBE6-4A37-816A-3B8C8E34AE2C}.Debug|Any CPU.ActiveCfg = Debug|Any CPU
		{6232CC7D-CBE6-4A37-816A-3B8C8E34AE2C}.Debug|Any CPU.Build.0 = Debug|Any CPU
		{6232CC7D-CBE6-4A37-816A-3B8C8E34AE2C}.Release|Any CPU.ActiveCfg = Release|Any CPU
		{6232CC7D-CBE6-4A37-816A-3B8C8E34AE2C}.Release|Any CPU.Build.0 = Release|Any CPU
		{A28F7411-F556-481A-BF16-144414394E60}.Debug|Any CPU.ActiveCfg = Debug|Any CPU
		{A28F7411-F556-481A-BF16-144414394E60}.Debug|Any CPU.Build.0 = Debug|Any CPU
		{A28F7411-F556-481A-BF16-144414394E60}.Release|Any CPU.ActiveCfg = Release|Any CPU
		{A28F7411-F556-481A-BF16-144414394E60}.Release|Any CPU.Build.0 = Release|Any CPU
		{159D2FF7-9336-405E-8616-82C504AE69D7}.Debug|Any CPU.ActiveCfg = Debug|Any CPU
		{159D2FF7-9336-405E-8616-82C504AE69D7}.Debug|Any CPU.Build.0 = Debug|Any CPU
		{159D2FF7-9336-405E-8616-82C504AE69D7}.Release|Any CPU.ActiveCfg = Release|Any CPU
		{159D2FF7-9336-405E-8616-82C504AE69D7}.Release|Any CPU.Build.0 = Release|Any CPU
		{4110A377-2DFF-4365-9130-4CDE0AB5F1B6}.Debug|Any CPU.ActiveCfg = Debug|Any CPU
		{4110A377-2DFF-4365-9130-4CDE0AB5F1B6}.Debug|Any CPU.Build.0 = Debug|Any CPU
		{4110A377-2DFF-4365-9130-4CDE0AB5F1B6}.Release|Any CPU.ActiveCfg = Release|Any CPU
		{4110A377-2DFF-4365-9130-4CDE0AB5F1B6}.Release|Any CPU.Build.0 = Release|Any CPU
	EndGlobalSection
	GlobalSection(SolutionProperties) = preSolution
		HideSolutionNode = FALSE
	EndGlobalSection
	GlobalSection(NestedProjects) = preSolution
		{DFD5B726-A7F2-4013-81C0-BAAB81BD1134} = {826C75A7-EA5A-43DC-9BA0-44EB8E337BA2}
		{8451CB26-3285-424E-ACB9-4A377FCBDCA9} = {826C75A7-EA5A-43DC-9BA0-44EB8E337BA2}
		{A29247F3-BA41-4C8A-959D-5EEE0F06D57F} = {826C75A7-EA5A-43DC-9BA0-44EB8E337BA2}
		{79F6E509-0063-4E9B-A02F-4B041A6ED419} = {826C75A7-EA5A-43DC-9BA0-44EB8E337BA2}
		{232DC172-E11E-4136-B31D-5320E028398F} = {826C75A7-EA5A-43DC-9BA0-44EB8E337BA2}
		{A414A509-EE69-4F21-A0EA-8A1D06A1A328} = {826C75A7-EA5A-43DC-9BA0-44EB8E337BA2}
		{5851F976-977F-4F24-A863-5CDCEAA77AF3} = {55006B51-AA46-4B7D-AC76-6E8A5B70019E}
		{6232CC7D-CBE6-4A37-816A-3B8C8E34AE2C} = {55006B51-AA46-4B7D-AC76-6E8A5B70019E}
		{A28F7411-F556-481A-BF16-144414394E60} = {55006B51-AA46-4B7D-AC76-6E8A5B70019E}
		{159D2FF7-9336-405E-8616-82C504AE69D7} = {55006B51-AA46-4B7D-AC76-6E8A5B70019E}
		{4110A377-2DFF-4365-9130-4CDE0AB5F1B6} = {55006B51-AA46-4B7D-AC76-6E8A5B70019E}
	EndGlobalSection
	GlobalSection(ExtensibilityGlobals) = postSolution
		SolutionGuid = {D93C615F-2C70-4FCD-A9DD-BCC9717C6CA9}
	EndGlobalSection
EndGlobal
